{
  "name": "My_video_platform",
  "lockfileVersion": 3,
  "requires": true,
  "packages": {
    "": {
      "devDependencies": {
        "frontloom": "^0.1.0"
      }
    },
    "node_modules/frontloom": {
      "version": "0.1.0",
      "resolved": "https://registry.npmmirror.com/frontloom/-/frontloom-0.1.0.tgz",
      "integrity": "sha512-3BNF6v95+v+dLxV4YEkfeHyWvpbJpkD3qalc632uTtCo8AzaOpXG3JQt7Wfwax0vzRM2L0qtbLhz02btM+5CwA==",
      "dev": true,
      "license": "MIT",
      "bin": {
        "frontloom": "bin/init.mjs"
      }
    }
  }
}
